// !$*UTF8*$!
{
	archiveVersion = 1;
	classes = {
	};
	objectVersion = 56;
	objects = {

/* Begin PBXBuildFile section */
		7EC697EE29FAF18D008D4B9D /* CheckOutView.swift in Sources */ = {isa = PBXBuildFile; fileRef = 7EC697ED29FAF18D008D4B9D /* CheckOutView.swift */; };
		7EF5D95429FA8A4F0053C5C1 /* UCWCApp.swift in Sources */ = {isa = PBXBuildFile; fileRef = 7EF5D95329FA8A4F0053C5C1 /* UCWCApp.swift */; };
		7EF5D95829FA8A500053C5C1 /* Assets.xcassets in Resources */ = {isa = PBXBuildFile; fileRef = 7EF5D95729FA8A500053C5C1 /* Assets.xcassets */; };
		7EF5D95B29FA8A500053C5C1 /* Preview Assets.xcassets in Resources */ = {isa = PBXBuildFile; fileRef = 7EF5D95A29FA8A500053C5C1 /* Preview Assets.xcassets */; };
		7EF5D96229FA8C260053C5C1 /* OnboardingView.swift in Sources */ = {isa = PBXBuildFile; fileRef = 7EF5D96129FA8C260053C5C1 /* OnboardingView.swift */; };
		7EF5D96429FA8D650053C5C1 /* HomeView.swift in Sources */ = {isa = PBXBuildFile; fileRef = 7EF5D96329FA8D650053C5C1 /* HomeView.swift */; };
		7EF5D96629FA9BC40053C5C1 /* CafeItemView.swift in Sources */ = {isa = PBXBuildFile; fileRef = 7EF5D96529FA9BC40053C5C1 /* CafeItemView.swift */; };
		7EF5D96929FA9D500053C5C1 /* CafeView.swift in Sources */ = {isa = PBXBuildFile; fileRef = 7EF5D96829FA9D500053C5C1 /* CafeView.swift */; };
		7EF5D96B29FAB22C0053C5C1 /* MainView.swift in Sources */ = {isa = PBXBuildFile; fileRef = 7EF5D96A29FAB22C0053C5C1 /* MainView.swift */; };
		7EF5D96D29FAB2860053C5C1 /* CartView.swift in Sources */ = {isa = PBXBuildFile; fileRef = 7EF5D96C29FAB2860053C5C1 /* CartView.swift */; };
		7EF5D97029FAB30A0053C5C1 /* Cafe.swift in Sources */ = {isa = PBXBuildFile; fileRef = 7EF5D96F29FAB30A0053C5C1 /* Cafe.swift */; };
		7EF5D97229FAB3420053C5C1 /* Food.swift in Sources */ = {isa = PBXBuildFile; fileRef = 7EF5D97129FAB3420053C5C1 /* Food.swift */; };
		7EF5D97429FAB7D40053C5C1 /* DummyData.swift in Sources */ = {isa = PBXBuildFile; fileRef = 7EF5D97329FAB7D40053C5C1 /* DummyData.swift */; };
		7EF5D97629FAC5F50053C5C1 /* FoodItemView.swift in Sources */ = {isa = PBXBuildFile; fileRef = 7EF5D97529FAC5F50053C5C1 /* FoodItemView.swift */; };
/* End PBXBuildFile section */

/* Begin PBXFileReference section */
		7EC697ED29FAF18D008D4B9D /* CheckOutView.swift */ = {isa = PBXFileReference; lastKnownFileType = sourcecode.swift; path = CheckOutView.swift; sourceTree = "<group>"; };
		7EF5D95029FA8A4F0053C5C1 /* ucwc.app */ = {isa = PBXFileReference; explicitFileType = wrapper.application; includeInIndex = 0; path = ucwc.app; sourceTree = BUILT_PRODUCTS_DIR; };
		7EF5D95329FA8A4F0053C5C1 /* UCWCApp.swift */ = {isa = PBXFileReference; lastKnownFileType = sourcecode.swift; path = UCWCApp.swift; sourceTree = "<group>"; };
		7EF5D95729FA8A500053C5C1 /* Assets.xcassets */ = {isa = PBXFileReference; lastKnownFileType = folder.assetcatalog; path = Assets.xcassets; sourceTree = "<group>"; };
		7EF5D95A29FA8A500053C5C1 /* Preview Assets.xcassets */ = {isa = PBXFileReference; lastKnownFileType = folder.assetcatalog; path = "Preview Assets.xcassets"; sourceTree = "<group>"; };
		7EF5D96129FA8C260053C5C1 /* OnboardingView.swift */ = {isa = PBXFileReference; lastKnownFileType = sourcecode.swift; path = OnboardingView.swift; sourceTree = "<group>"; };
		7EF5D96329FA8D650053C5C1 /* HomeView.swift */ = {isa = PBXFileReference; lastKnownFileType = sourcecode.swift; path = HomeView.swift; sourceTree = "<group>"; };
		7EF5D96529FA9BC40053C5C1 /* CafeItemView.swift */ = {isa = PBXFileReference; lastKnownFileType = sourcecode.swift; path = CafeItemView.swift; sourceTree = "<group>"; };
		7EF5D96829FA9D500053C5C1 /* CafeView.swift */ = {isa = PBXFileReference; lastKnownFileType = sourcecode.swift; path = CafeView.swift; sourceTree = "<group>"; };
		7EF5D96A29FAB22C0053C5C1 /* MainView.swift */ = {isa = PBXFileReference; lastKnownFileType = sourcecode.swift; path = MainView.swift; sourceTree = "<group>"; };
		7EF5D96C29FAB2860053C5C1 /* CartView.swift */ = {isa = PBXFileReference; lastKnownFileType = sourcecode.swift; path = CartView.swift; sourceTree = "<group>"; };
		7EF5D96F29FAB30A0053C5C1 /* Cafe.swift */ = {isa = PBXFileReference; lastKnownFileType = sourcecode.swift; path = Cafe.swift; sourceTree = "<group>"; };
		7EF5D97129FAB3420053C5C1 /* Food.swift */ = {isa = PBXFileReference; lastKnownFileType = sourcecode.swift; path = Food.swift; sourceTree = "<group>"; };
		7EF5D97329FAB7D40053C5C1 /* DummyData.swift */ = {isa = PBXFileReference; lastKnownFileType = sourcecode.swift; path = DummyData.swift; sourceTree = "<group>"; };
		7EF5D97529FAC5F50053C5C1 /* FoodItemView.swift */ = {isa = PBXFileReference; lastKnownFileType = sourcecode.swift; path = FoodItemView.swift; sourceTree = "<group>"; };
/* End PBXFileReference section */

/* Begin PBXFrameworksBuildPhase section */
		7EF5D94D29FA8A4F0053C5C1 /* Frameworks */ = {
			isa = PBXFrameworksBuildPhase;
			buildActionMask = 2147483647;
			files = (
			);
			runOnlyForDeploymentPostprocessing = 0;
		};
/* End PBXFrameworksBuildPhase section */

/* Begin PBXGroup section */
		7EF5D94729FA8A4F0053C5C1 = {
			isa = PBXGroup;
			children = (
				7EF5D95229FA8A4F0053C5C1 /* ucwc */,
				7EF5D95129FA8A4F0053C5C1 /* Products */,
			);
			sourceTree = "<group>";
		};
		7EF5D95129FA8A4F0053C5C1 /* Products */ = {
			isa = PBXGroup;
			children = (
				7EF5D95029FA8A4F0053C5C1 /* ucwc.app */,
			);
			name = Products;
			sourceTree = "<group>";
		};
		7EF5D95229FA8A4F0053C5C1 /* ucwc */ = {
			isa = PBXGroup;
			children = (
				7EC697ED29FAF18D008D4B9D /* CheckOutView.swift */,
				7EF5D96E29FAB3010053C5C1 /* Model */,
				7EF5D96A29FAB22C0053C5C1 /* MainView.swift */,
				7EF5D96729FA9BC70053C5C1 /* CustomView */,
				7EF5D95329FA8A4F0053C5C1 /* UCWCApp.swift */,
				7EF5D96329FA8D650053C5C1 /* HomeView.swift */,
				7EF5D96129FA8C260053C5C1 /* OnboardingView.swift */,
				7EF5D95729FA8A500053C5C1 /* Assets.xcassets */,
				7EF5D95929FA8A500053C5C1 /* Preview Content */,
				7EF5D96829FA9D500053C5C1 /* CafeView.swift */,
				7EF5D96C29FAB2860053C5C1 /* CartView.swift */,
			);
			path = ucwc;
			sourceTree = "<group>";
		};
		7EF5D95929FA8A500053C5C1 /* Preview Content */ = {
			isa = PBXGroup;
			children = (
				7EF5D95A29FA8A500053C5C1 /* Preview Assets.xcassets */,
			);
			path = "Preview Content";
			sourceTree = "<group>";
		};
		7EF5D96729FA9BC70053C5C1 /* CustomView */ = {
			isa = PBXGroup;
			children = (
				7EF5D96529FA9BC40053C5C1 /* CafeItemView.swift */,
				7EF5D97529FAC5F50053C5C1 /* FoodItemView.swift */,
			);
			path = CustomView;
			sourceTree = "<group>";
		};
		7EF5D96E29FAB3010053C5C1 /* Model */ = {
			isa = PBXGroup;
			children = (
				7EF5D96F29FAB30A0053C5C1 /* Cafe.swift */,
				7EF5D97129FAB3420053C5C1 /* Food.swift */,
				7EF5D97329FAB7D40053C5C1 /* DummyData.swift */,
			);
			path = Model;
			sourceTree = "<group>";
		};
/* End PBXGroup section */

/* Begin PBXNativeTarget section */
		7EF5D94F29FA8A4F0053C5C1 /* ucwc */ = {
			isa = PBXNativeTarget;
			buildConfigurationList = 7EF5D95E29FA8A500053C5C1 /* Build configuration list for PBXNativeTarget "ucwc" */;
			buildPhases = (
				7EF5D94C29FA8A4F0053C5C1 /* Sources */,
				7EF5D94D29FA8A4F0053C5C1 /* Frameworks */,
				7EF5D94E29FA8A4F0053C5C1 /* Resources */,
			);
			buildRules = (
			);
			dependencies = (
			);
			name = ucwc;
			productName = ucwc;
			productReference = 7EF5D95029FA8A4F0053C5C1 /* ucwc.app */;
			productType = "com.apple.product-type.application";
		};
/* End PBXNativeTarget section */

/* Begin PBXProject section */
		7EF5D94829FA8A4F0053C5C1 /* Project object */ = {
			isa = PBXProject;
			attributes = {
				BuildIndependentTargetsInParallel = 1;
				LastSwiftUpdateCheck = 1430;
				LastUpgradeCheck = 1430;
				TargetAttributes = {
					7EF5D94F29FA8A4F0053C5C1 = {
						CreatedOnToolsVersion = 14.3;
					};
				};
			};
			buildConfigurationList = 7EF5D94B29FA8A4F0053C5C1 /* Build configuration list for PBXProject "ucwc" */;
			compatibilityVersion = "Xcode 14.0";
			developmentRegion = en;
			hasScannedForEncodings = 0;
			knownRegions = (
				en,
				Base,
			);
			mainGroup = 7EF5D94729FA8A4F0053C5C1;
			productRefGroup = 7EF5D95129FA8A4F0053C5C1 /* Products */;
			projectDirPath = "";
			projectRoot = "";
			targets = (
				7EF5D94F29FA8A4F0053C5C1 /* ucwc */,
			);
		};
/* End PBXProject section */

/* Begin PBXResourcesBuildPhase section */
		7EF5D94E29FA8A4F0053C5C1 /* Resources */ = {
			isa = PBXResourcesBuildPhase;
			buildActionMask = 2147483647;
			files = (
				7EF5D95B29FA8A500053C5C1 /* Preview Assets.xcassets in Resources */,
				7EF5D95829FA8A500053C5C1 /* Assets.xcassets in Resources */,
			);
			runOnlyForDeploymentPostprocessing = 0;
		};
/* End PBXResourcesBuildPhase section */

/* Begin PBXSourcesBuildPhase section */
		7EF5D94C29FA8A4F0053C5C1 /* Sources */ = {
			isa = PBXSourcesBuildPhase;
			buildActionMask = 2147483647;
			files = (
				7EF5D96629FA9BC40053C5C1 /* CafeItemView.swift in Sources */,
				7EF5D96D29FAB2860053C5C1 /* CartView.swift in Sources */,
				7EC697EE29FAF18D008D4B9D /* CheckOutView.swift in Sources */,
				7EF5D96B29FAB22C0053C5C1 /* MainView.swift in Sources */,
				7EF5D96929FA9D500053C5C1 /* CafeView.swift in Sources */,
				7EF5D97029FAB30A0053C5C1 /* Cafe.swift in Sources */,
				7EF5D97229FAB3420053C5C1 /* Food.swift in Sources */,
				7EF5D97629FAC5F50053C5C1 /* FoodItemView.swift in Sources */,
				7EF5D96429FA8D650053C5C1 /* HomeView.swift in Sources */,
				7EF5D96229FA8C260053C5C1 /* OnboardingView.swift in Sources */,
				7EF5D95429FA8A4F0053C5C1 /* UCWCApp.swift in Sources */,
				7EF5D97429FAB7D40053C5C1 /* DummyData.swift in Sources */,
			);
			runOnlyForDeploymentPostprocessing = 0;
		};
/* End PBXSourcesBuildPhase section */

/* Begin XCBuildConfiguration section */
		7EF5D95C29FA8A500053C5C1 /* Debug */ = {
			isa = XCBuildConfiguration;
			buildSettings = {
				ALWAYS_SEARCH_USER_PATHS = NO;
				CLANG_ANALYZER_NONNULL = YES;
				CLANG_ANALYZER_NUMBER_OBJECT_CONVERSION = YES_AGGRESSIVE;
				CLANG_CXX_LANGUAGE_STANDARD = "gnu++20";
				CLANG_ENABLE_MODULES = YES;
				CLANG_ENABLE_OBJC_ARC = YES;
				CLANG_ENABLE_OBJC_WEAK = YES;
				CLANG_WARN_BLOCK_CAPTURE_AUTORELEASING = YES;
				CLANG_WARN_BOOL_CONVERSION = YES;
				CLANG_WARN_COMMA = YES;
				CLANG_WARN_CONSTANT_CONVERSION = YES;
				CLANG_WARN_DEPRECATED_OBJC_IMPLEMENTATIONS = YES;
				CLANG_WARN_DIRECT_OBJC_ISA_USAGE = YES_ERROR;
				CLANG_WARN_DOCUMENTATION_COMMENTS = YES;
				CLANG_WARN_EMPTY_BODY = YES;
				CLANG_WARN_ENUM_CONVERSION = YES;
				CLANG_WARN_INFINITE_RECURSION = YES;
				CLANG_WARN_INT_CONVERSION = YES;
				CLANG_WARN_NON_LITERAL_NULL_CONVERSION = YES;
				CLANG_WARN_OBJC_IMPLICIT_RETAIN_SELF = YES;
				CLANG_WARN_OBJC_LITERAL_CONVERSION = YES;
				CLANG_WARN_OBJC_ROOT_CLASS = YES_ERROR;
				CLANG_WARN_QUOTED_INCLUDE_IN_FRAMEWORK_HEADER = YES;
				CLANG_WARN_RANGE_LOOP_ANALYSIS = YES;
				CLANG_WARN_STRICT_PROTOTYPES = YES;
				CLANG_WARN_SUSPICIOUS_MOVE = YES;
				CLANG_WARN_UNGUARDED_AVAILABILITY = YES_AGGRESSIVE;
				CLANG_WARN_UNREACHABLE_CODE = YES;
				CLANG_WARN__DUPLICATE_METHOD_MATCH = YES;
				COPY_PHASE_STRIP = NO;
				DEBUG_INFORMATION_FORMAT = dwarf;
				ENABLE_STRICT_OBJC_MSGSEND = YES;
				ENABLE_TESTABILITY = YES;
				GCC_C_LANGUAGE_STANDARD = gnu11;
				GCC_DYNAMIC_NO_PIC = NO;
				GCC_NO_COMMON_BLOCKS = YES;
				GCC_OPTIMIZATION_LEVEL = 0;
				GCC_PREPROCESSOR_DEFINITIONS = (
					"DEBUG=1",
					"$(inherited)",
				);
				GCC_WARN_64_TO_32_BIT_CONVERSION = YES;
				GCC_WARN_ABOUT_RETURN_TYPE = YES_ERROR;
				GCC_WARN_UNDECLARED_SELECTOR = YES;
				GCC_WARN_UNINITIALIZED_AUTOS = YES_AGGRESSIVE;
				GCC_WARN_UNUSED_FUNCTION = YES;
				GCC_WARN_UNUSED_VARIABLE = YES;
				IPHONEOS_DEPLOYMENT_TARGET = 16.4;
				MTL_ENABLE_DEBUG_INFO = INCLUDE_SOURCE;
				MTL_FAST_MATH = YES;
				ONLY_ACTIVE_ARCH = YES;
				SDKROOT = iphoneos;
				SWIFT_ACTIVE_COMPILATION_CONDITIONS = DEBUG;
				SWIFT_OPTIMIZATION_LEVEL = "-Onone";
			};
			name = Debug;
		};
		7EF5D95D29FA8A500053C5C1 /* Release */ = {
			isa = XCBuildConfiguration;
			buildSettings = {
				ALWAYS_SEARCH_USER_PATHS = NO;
				CLANG_ANALYZER_NONNULL = YES;
				CLANG_ANALYZER_NUMBER_OBJECT_CONVERSION = YES_AGGRESSIVE;
				CLANG_CXX_LANGUAGE_STANDARD = "gnu++20";
				CLANG_ENABLE_MODULES = YES;
				CLANG_ENABLE_OBJC_ARC = YES;
				CLANG_ENABLE_OBJC_WEAK = YES;
				CLANG_WARN_BLOCK_CAPTURE_AUTORELEASING = YES;
				CLANG_WARN_BOOL_CONVERSION = YES;
				CLANG_WARN_COMMA = YES;
				CLANG_WARN_CONSTANT_CONVERSION = YES;
				CLANG_WARN_DEPRECATED_OBJC_IMPLEMENTATIONS = YES;
				CLANG_WARN_DIRECT_OBJC_ISA_USAGE = YES_ERROR;
				CLANG_WARN_DOCUMENTATION_COMMENTS = YES;
				CLANG_WARN_EMPTY_BODY = YES;
				CLANG_WARN_ENUM_CONVERSION = YES;
				CLANG_WARN_INFINITE_RECURSION = YES;
				CLANG_WARN_INT_CONVERSION = YES;
				CLANG_WARN_NON_LITERAL_NULL_CONVERSION = YES;
				CLANG_WARN_OBJC_IMPLICIT_RETAIN_SELF = YES;
				CLANG_WARN_OBJC_LITERAL_CONVERSION = YES;
				CLANG_WARN_OBJC_ROOT_CLASS = YES_ERROR;
				CLANG_WARN_QUOTED_INCLUDE_IN_FRAMEWORK_HEADER = YES;
				CLANG_WARN_RANGE_LOOP_ANALYSIS = YES;
				CLANG_WARN_STRICT_PROTOTYPES = YES;
				CLANG_WARN_SUSPICIOUS_MOVE = YES;
				CLANG_WARN_UNGUARDED_AVAILABILITY = YES_AGGRESSIVE;
				CLANG_WARN_UNREACHABLE_CODE = YES;
				CLANG_WARN__DUPLICATE_METHOD_MATCH = YES;
				COPY_PHASE_STRIP = NO;
				DEBUG_INFORMATION_FORMAT = "dwarf-with-dsym";
				ENABLE_NS_ASSERTIONS = NO;
				ENABLE_STRICT_OBJC_MSGSEND = YES;
				GCC_C_LANGUAGE_STANDARD = gnu11;
				GCC_NO_COMMON_BLOCKS = YES;
				GCC_WARN_64_TO_32_BIT_CONVERSION = YES;
				GCC_WARN_ABOUT_RETURN_TYPE = YES_ERROR;
				GCC_WARN_UNDECLARED_SELECTOR = YES;
				GCC_WARN_UNINITIALIZED_AUTOS = YES_AGGRESSIVE;
				GCC_WARN_UNUSED_FUNCTION = YES;
				GCC_WARN_UNUSED_VARIABLE = YES;
				IPHONEOS_DEPLOYMENT_TARGET = 16.4;
				MTL_ENABLE_DEBUG_INFO = NO;
				MTL_FAST_MATH = YES;
				SDKROOT = iphoneos;
				SWIFT_COMPILATION_MODE = wholemodule;
				SWIFT_OPTIMIZATION_LEVEL = "-O";
				VALIDATE_PRODUCT = YES;
			};
			name = Release;
		};
		7EF5D95F29FA8A500053C5C1 /* Debug */ = {
			isa = XCBuildConfiguration;
			buildSettings = {
				ASSETCATALOG_COMPILER_APPICON_NAME = AppIcon;
				ASSETCATALOG_COMPILER_GLOBAL_ACCENT_COLOR_NAME = AccentColor;
				CODE_SIGN_STYLE = Automatic;
				CURRENT_PROJECT_VERSION = 1;
				DEVELOPMENT_ASSET_PATHS = "\"ucwc/Preview Content\"";
				DEVELOPMENT_TEAM = 3F8C4P2T95;
				ENABLE_PREVIEWS = YES;
				GENERATE_INFOPLIST_FILE = YES;
				INFOPLIST_KEY_UIApplicationSceneManifest_Generation = YES;
				INFOPLIST_KEY_UIApplicationSupportsIndirectInputEvents = YES;
				INFOPLIST_KEY_UILaunchScreen_Generation = YES;
				INFOPLIST_KEY_UISupportedInterfaceOrientations_iPad = "UIInterfaceOrientationPortrait UIInterfaceOrientationPortraitUpsideDown UIInterfaceOrientationLandscapeLeft UIInterfaceOrientationLandscapeRight";
				INFOPLIST_KEY_UISupportedInterfaceOrientations_iPhone = "UIInterfaceOrientationPortrait UIInterfaceOrientationLandscapeLeft UIInterfaceOrientationLandscapeRight";
				IPHONEOS_DEPLOYMENT_TARGET = 16.2;
				LD_RUNPATH_SEARCH_PATHS = (
					"$(inherited)",
					"@executable_path/Frameworks",
				);
				MARKETING_VERSION = 1.0;
				PRODUCT_BUNDLE_IDENTIFIER = com.ucwc;
				PRODUCT_NAME = "$(TARGET_NAME)";
				SWIFT_EMIT_LOC_STRINGS = YES;
				SWIFT_VERSION = 5.0;
				TARGETED_DEVICE_FAMILY = "1,2";
			};
			name = Debug;
		};
		7EF5D96029FA8A500053C5C1 /* Release */ = {
			isa = XCBuildConfiguration;
			buildSettings = {
				ASSETCATALOG_COMPILER_APPICON_NAME = AppIcon;
				ASSETCATALOG_COMPILER_GLOBAL_ACCENT_COLOR_NAME = AccentColor;
				CODE_SIGN_STYLE = Automatic;
				CURRENT_PROJECT_VERSION = 1;
				DEVELOPMENT_ASSET_PATHS = "\"ucwc/Preview Content\"";
				DEVELOPMENT_TEAM = 3F8C4P2T95;
				ENABLE_PREVIEWS = YES;
				GENERATE_INFOPLIST_FILE = YES;
				INFOPLIST_KEY_UIApplicationSceneManifest_Generation = YES;
				INFOPLIST_KEY_UIApplicationSupportsIndirectInputEvents = YES;
				INFOPLIST_KEY_UILaunchScreen_Generation = YES;
				INFOPLIST_KEY_UISupportedInterfaceOrientations_iPad = "UIInterfaceOrientationPortrait UIInterfaceOrientationPortraitUpsideDown UIInterfaceOrientationLandscapeLeft UIInterfaceOrientationLandscapeRight";
				INFOPLIST_KEY_UISupportedInterfaceOrientations_iPhone = "UIInterfaceOrientationPortrait UIInterfaceOrientationLandscapeLeft UIInterfaceOrientationLandscapeRight";
				IPHONEOS_DEPLOYMENT_TARGET = 16.2;
				LD_RUNPATH_SEARCH_PATHS = (
					"$(inherited)",
					"@executable_path/Frameworks",
				);
				MARKETING_VERSION = 1.0;
				PRODUCT_BUNDLE_IDENTIFIER = com.ucwc;
				PRODUCT_NAME = "$(TARGET_NAME)";
				SWIFT_EMIT_LOC_STRINGS = YES;
				SWIFT_VERSION = 5.0;
				TARGETED_DEVICE_FAMILY = "1,2";
			};
			name = Release;
		};
/* End XCBuildConfiguration section */

/* Begin XCConfigurationList section */
		7EF5D94B29FA8A4F0053C5C1 /* Build configuration list for PBXProject "ucwc" */ = {
			isa = XCConfigurationList;
			buildConfigurations = (
				7EF5D95C29FA8A500053C5C1 /* Debug */,
				7EF5D95D29FA8A500053C5C1 /* Release */,
			);
			defaultConfigurationIsVisible = 0;
			defaultConfigurationName = Release;
		};
		7EF5D95E29FA8A500053C5C1 /* Build configuration list for PBXNativeTarget "ucwc" */ = {
			isa = XCConfigurationList;
			buildConfigurations = (
				7EF5D95F29FA8A500053C5C1 /* Debug */,
				7EF5D96029FA8A500053C5C1 /* Release */,
			);
			defaultConfigurationIsVisible = 0;
			defaultConfigurationName = Release;
		};
/* End XCConfigurationList section */
	};
	rootObject = 7EF5D94829FA8A4F0053C5C1 /* Project object */;
}
